schema: '2.0'
stages:
  ingest:
    cmd: python src/AdEva_final/pipeline/data_ingestion.py
    deps:
    - path: config/config.yaml
      hash: md5
      md5: 2f21b0c0e5932acb610629c1567de7a2
      size: 577
    - path: data/raw
      hash: md5
      md5: 9b79a763450a2fa306aa221ff416b1e3.dir
      size: 191626653
      nfiles: 3
    - path: src/AdEva_final/pipeline/data_ingestion.py
      hash: md5
      md5: bb7a61135cb1c677c178841cf1f97d09
      size: 2333
    outs:
    - path: data/ingested/test.csv
      hash: md5
      md5: c23df1981acacb6431f0aa5c02b54ad8
      size: 44568551
    - path: data/ingested/train.csv
      hash: md5
      md5: 34b743e32e0b75c030ea9f173b44cfcc
      size: 178376048
  transform:
    cmd: python src/AdEva_final/pipeline/data_transformation.py
    deps:
    - path: data/ingested/test.csv
      hash: md5
      md5: c23df1981acacb6431f0aa5c02b54ad8
      size: 44568551
    - path: data/ingested/train.csv
      hash: md5
      md5: 34b743e32e0b75c030ea9f173b44cfcc
      size: 178376048
    - path: params.yaml
      hash: md5
      md5: bd01013edd0c8c6049fc5dc5c089f398
      size: 176
    - path: src/AdEva_final/pipeline/data_transformation.py
      hash: md5
      md5: 7dbc73f55d5d7034acea4eb769ce4072
      size: 4967
    outs:
    - path: artifacts/scaler.pkl
      hash: md5
      md5: 348e55dad4d3710b393842d4b7c36b40
      size: 624
    - path: data/transformed/X_test.npy
      hash: md5
      md5: 354f4a4bcc1c599a2c9e3e4cac29251d
      size: 18993152
    - path: data/transformed/X_train.npy
      hash: md5
      md5: fe7bddd157b8d04ff870b2bd107b5cbe
      size: 72550496
    - path: data/transformed/y_test.npy
      hash: md5
      md5: 5d59f4ef6a866ef880dae833ee708770
      size: 1846672
    - path: data/transformed/y_train.npy
      hash: md5
      md5: 5769f77cba1b40ada0d2290f28873a5f
      size: 7053636
  train:
    cmd: python src/AdEva_final/pipeline/model_trainer.py
    deps:
    - path: data/transformed
      hash: md5
      md5: b93cedee4ba38915055bbda3db1a81c2.dir
      size: 100444010
      nfiles: 5
    - path: src/AdEva_final/pipeline/model_trainer.py
      hash: md5
      md5: c35173fe8f31663d7e0af6905185c2c6
      size: 5736
    outs:
    - path: artifacts/models/transformer_forecast.pt
      hash: md5
      md5: 7387d021aafeb05bd148e9e42545500f
      size: 1561068
  evaluate:
    cmd: python src/AdEva_final/pipeline/evaluation.py
    deps:
    - path: artifacts/models/transformer_forecast.pt
      hash: md5
      md5: 7387d021aafeb05bd148e9e42545500f
      size: 1561068
    - path: src/AdEva_final/pipeline/evaluation.py
      hash: md5
      md5: 89267f3b2fee2e040621aeb651899f91
      size: 4776
    outs:
    - path: artifacts/metrics/report.json
      hash: md5
      md5: ef6e134fe8d60d599eed75d55c012983
      size: 70
