schema: '2.0'
stages:
  ingest:
    cmd: python src/AdEva_final/pipeline/data_ingestion.py
    deps:
    - path: config/config.yaml
      hash: md5
      md5: 2f21b0c0e5932acb610629c1567de7a2
      size: 577
    - path: data/raw
      hash: md5
      md5: 9b79a763450a2fa306aa221ff416b1e3.dir
      size: 191626653
      nfiles: 3
    - path: src/AdEva_final/pipeline/data_ingestion.py
      hash: md5
      md5: 36a7efe48c5e59ce9dc0af18e36d58a2
      size: 1337
    outs:
    - path: data/ingested/test.csv
      hash: md5
      md5: d86a752bd19be84e43d424e2cf8643d1
      size: 43337678
    - path: data/ingested/train.csv
      hash: md5
      md5: e160fe367a177f829e5f632563972faa
      size: 176996875
  transform:
    cmd: python src/AdEva_final/pipeline/data_transformation.py
    deps:
    - path: data/ingested/test.csv
      hash: md5
      md5: d86a752bd19be84e43d424e2cf8643d1
      size: 43337678
    - path: data/ingested/train.csv
      hash: md5
      md5: e160fe367a177f829e5f632563972faa
      size: 176996875
    - path: params.yaml
      hash: md5
      md5: d9517d4e9f906d5649d5be7acedd5420
      size: 67
    - path: src/AdEva_final/pipeline/data_transformation.py
      hash: md5
      md5: ee94cf051a7a428eeb9a668dc0647ddc
      size: 3500
    outs:
    - path: artifacts/scaler.pkl
      hash: md5
      md5: 057b9dff8cf841bf8fffc735bf361be8
      size: 474
    - path: data/transformed/X_test.npy
      hash: md5
      md5: ff24aaf04cabf763c1bfb08e416a8199
      size: 31045184
    - path: data/transformed/X_train.npy
      hash: md5
      md5: f102345970c1c9bce96ac7d2a1dbfcb2
      size: 124196288
    - path: data/transformed/y_test.npy
      hash: md5
      md5: 5ead036a74fa7d04d243d7fc71fa5bcd
      size: 1293672
    - path: data/transformed/y_train.npy
      hash: md5
      md5: 1f01247929f0147e0e65e3114d299bef
      size: 5174968
  train:
    cmd: python src/AdEva_final/pipeline/model_trainer.py
    deps:
    - path: data/transformed
      hash: md5
      md5: 7d08f02019a99a94179ac69a589960d3.dir
      size: 161710166
      nfiles: 5
    - path: src/AdEva_final/pipeline/model_trainer.py
      hash: md5
      md5: 3512371e4219814a32fb0939922e4d4b
      size: 3434
    outs:
    - path: artifacts/models/transformer_forecast.pt
      hash: md5
      md5: d9036dcafed03c53ba9f28b2a757f362
      size: 8888
  evaluate:
    cmd: python src/AdEva_final/pipeline/evaluation.py
    deps:
    - path: artifacts/models/transformer_forecast.pt
      hash: md5
      md5: d9036dcafed03c53ba9f28b2a757f362
      size: 8888
    - path: src/AdEva_final/pipeline/evaluation.py
      hash: md5
      md5: 2a143f02be45be2ef88dc3cae25858f8
      size: 2328
    outs:
    - path: artifacts/metrics/report.json
      hash: md5
      md5: 956ec51a4995f581018905781bff5563
      size: 72
